
Microsoft Visual Studio Solution File, Format Version 12.00
# Visual Studio 15
VisualStudioVersion = 15.0.28010.2046
MinimumVisualStudioVersion = 10.0.40219.1
Project("{9A19103F-16F7-4668-BE54-9A1E7A4F7556}") = "GSwmgzCore", "GSwmgzCore\GSwmgzCore.csproj", "{5B64B810-4118-4456-BD6E-27C2E40D5D71}"
EndProject
Global
	GlobalSection(SolutionConfigurationPlatforms) = preSolution
		Debug|Any CPU = Debug|Any CPU
		Release|Any CPU = Release|Any CPU
	EndGlobalSection
	GlobalSection(ProjectConfigurationPlatforms) = postSolution
		{5B64B810-4118-4456-BD6E-27C2E40D5D71}.Debug|Any CPU.ActiveCfg = Debug|Any CPU
		{5B64B810-4118-4456-BD6E-27C2E40D5D71}.Debug|Any CPU.Build.0 = Debug|Any CPU
		{5B64B810-4118-4456-BD6E-27C2E40D5D71}.Release|Any CPU.ActiveCfg = Release|Any CPU
		{5B64B810-4118-4456-BD6E-27C2E40D5D71}.Release|Any CPU.Build.0 = Release|Any CPU
	EndGlobalSection
	GlobalSection(SolutionProperties) = preSolution
		HideSolutionNode = FALSE
	EndGlobalSection
	GlobalSection(ExtensibilityGlobals) = postSolution
		SolutionGuid = {BD5C1F28-7802-42A6-849C-8DD8FCFB84EB}
	EndGlobalSection
EndGlobal
